# THIS IS AN AUTOGENERATED FILE. DO NOT EDIT THIS FILE DIRECTLY.
# yarn lockfile v1


request@2.9.x:
  version "2.9.203"
  resolved "https://registry.yarnpkg.com/request/-/request-2.9.203.tgz#6c1711a5407fb94a114219563e44145bcbf4723a"
  integrity sha1-bBcRpUB/uUoRQhlWPkQUW8v0cjo=

tmdbv3@^0.1.2:
  version "0.1.2"
  resolved "https://registry.yarnpkg.com/tmdbv3/-/tmdbv3-0.1.2.tgz#98e9f23125080d2c862a96fdca4cf1ad36f46f08"
  integrity sha1-mOnyMSUIDSyGKpb9ykzxrTb0bwg=
  dependencies:
    request "2.9.x"
